
Microsoft Visual Studio Solution File, Format Version 12.00
# Visual Studio Version 17
VisualStudioVersion = 17.6.33712.159
MinimumVisualStudioVersion = 10.0.40219.1
Project("{9A19103F-16F7-4668-BE54-9A1E7A4F7556}") = "BethanysPieShop", "BethanysPieShop\BethanysPieShop.csproj", "{911707F2-10AB-4ABB-8849-50642FCB928C}"
EndProject
Project("{FAE04EC0-301F-11D3-BF4B-00C04F79EFBC}") = "BethanysPieShopTests", "BethanysPieShopTests\BethanysPieShopTests.csproj", "{7C3C425F-C781-4CCE-B6C9-1348840830FB}"
EndProject
Global
	GlobalSection(SolutionConfigurationPlatforms) = preSolution
		Debug|Any CPU = Debug|Any CPU
		Release|Any CPU = Release|Any CPU
	EndGlobalSection
	GlobalSection(ProjectConfigurationPlatforms) = postSolution
		{911707F2-10AB-4ABB-8849-50642FCB928C}.Debug|Any CPU.ActiveCfg = Debug|Any CPU
		{911707F2-10AB-4ABB-8849-50642FCB928C}.Debug|Any CPU.Build.0 = Debug|Any CPU
		{911707F2-10AB-4ABB-8849-50642FCB928C}.Release|Any CPU.ActiveCfg = Release|Any CPU
		{911707F2-10AB-4ABB-8849-50642FCB928C}.Release|Any CPU.Build.0 = Release|Any CPU
		{7C3C425F-C781-4CCE-B6C9-1348840830FB}.Debug|Any CPU.ActiveCfg = Debug|Any CPU
		{7C3C425F-C781-4CCE-B6C9-1348840830FB}.Debug|Any CPU.Build.0 = Debug|Any CPU
		{7C3C425F-C781-4CCE-B6C9-1348840830FB}.Release|Any CPU.ActiveCfg = Release|Any CPU
		{7C3C425F-C781-4CCE-B6C9-1348840830FB}.Release|Any CPU.Build.0 = Release|Any CPU
	EndGlobalSection
	GlobalSection(SolutionProperties) = preSolution
		HideSolutionNode = FALSE
	EndGlobalSection
	GlobalSection(ExtensibilityGlobals) = postSolution
		SolutionGuid = {70E6C663-91ED-426F-8207-901537AB0DE4}
	EndGlobalSection
EndGlobal
